// !$*UTF8*$!
{
	archiveVersion = 1;
	classes = {
	};
	objectVersion = 46;
	objects = {

/* Begin PBXBuildFile section */
		95CA8F311D865F5D001D6CEC /* main.m in Sources */ = {isa = PBXBuildFile; fileRef = 95CA8F301D865F5D001D6CEC /* main.m */; };
		95CA8F341D865F5D001D6CEC /* AppDelegate.m in Sources */ = {isa = PBXBuildFile; fileRef = 95CA8F331D865F5D001D6CEC /* AppDelegate.m */; };
		95CA8F371D865F5D001D6CEC /* ViewController.m in Sources */ = {isa = PBXBuildFile; fileRef = 95CA8F361D865F5D001D6CEC /* ViewController.m */; };
		95CA8F3A1D865F5D001D6CEC /* Main.storyboard in Resources */ = {isa = PBXBuildFile; fileRef = 95CA8F381D865F5D001D6CEC /* Main.storyboard */; };
		95CA8F3C1D865F5D001D6CEC /* Assets.xcassets in Resources */ = {isa = PBXBuildFile; fileRef = 95CA8F3B1D865F5D001D6CEC /* Assets.xcassets */; };
		95CA8F3F1D865F5D001D6CEC /* LaunchScreen.storyboard in Resources */ = {isa = PBXBuildFile; fileRef = 95CA8F3D1D865F5D001D6CEC /* LaunchScreen.storyboard */; };
		95CA8F4C1D87FEAC001D6CEC /* BFTapView.m in Sources */ = {isa = PBXBuildFile; fileRef = 95CA8F4B1D87FEAC001D6CEC /* BFTapView.m */; };
		95CA8F4F1D88013C001D6CEC /* BFTapPointSubView.m in Sources */ = {isa = PBXBuildFile; fileRef = 95CA8F4E1D88013C001D6CEC /* BFTapPointSubView.m */; };
/* End PBXBuildFile section */

/* Begin PBXFileReference section */
		95CA8F2C1D865F5D001D6CEC /* TapAnimation.app */ = {isa = PBXFileReference; explicitFileType = wrapper.application; includeInIndex = 0; path = TapAnimation.app; sourceTree = BUILT_PRODUCTS_DIR; };
		95CA8F301D865F5D001D6CEC /* main.m */ = {isa = PBXFileReference; lastKnownFileType = sourcecode.c.objc; path = main.m; sourceTree = "<group>"; };
		95CA8F321D865F5D001D6CEC /* AppDelegate.h */ = {isa = PBXFileReference; lastKnownFileType = sourcecode.c.h; path = AppDelegate.h; sourceTree = "<group>"; };
		95CA8F331D865F5D001D6CEC /* AppDelegate.m */ = {isa = PBXFileReference; lastKnownFileType = sourcecode.c.objc; path = AppDelegate.m; sourceTree = "<group>"; };
		95CA8F351D865F5D001D6CEC /* ViewController.h */ = {isa = PBXFileReference; lastKnownFileType = sourcecode.c.h; path = ViewController.h; sourceTree = "<group>"; };
		95CA8F361D865F5D001D6CEC /* ViewController.m */ = {isa = PBXFileReference; lastKnownFileType = sourcecode.c.objc; path = ViewController.m; sourceTree = "<group>"; };
		95CA8F391D865F5D001D6CEC /* Base */ = {isa = PBXFileReference; lastKnownFileType = file.storyboard; name = Base; path = Base.lproj/Main.storyboard; sourceTree = "<group>"; };
		95CA8F3B1D865F5D001D6CEC /* Assets.xcassets */ = {isa = PBXFileReference; lastKnownFileType = folder.assetcatalog; path = Assets.xcassets; sourceTree = "<group>"; };
		95CA8F3E1D865F5D001D6CEC /* Base */ = {isa = PBXFileReference; lastKnownFileType = file.storyboard; name = Base; path = Base.lproj/LaunchScreen.storyboard; sourceTree = "<group>"; };
		95CA8F401D865F5D001D6CEC /* Info.plist */ = {isa = PBXFileReference; lastKnownFileType = text.plist.xml; path = Info.plist; sourceTree = "<group>"; };
		95CA8F4A1D87FEAC001D6CEC /* BFTapView.h */ = {isa = PBXFileReference; fileEncoding = 4; lastKnownFileType = sourcecode.c.h; path = BFTapView.h; sourceTree = "<group>"; };
		95CA8F4B1D87FEAC001D6CEC /* BFTapView.m */ = {isa = PBXFileReference; fileEncoding = 4; lastKnownFileType = sourcecode.c.objc; path = BFTapView.m; sourceTree = "<group>"; };
		95CA8F4D1D88013C001D6CEC /* BFTapPointSubView.h */ = {isa = PBXFileReference; fileEncoding = 4; lastKnownFileType = sourcecode.c.h; path = BFTapPointSubView.h; sourceTree = "<group>"; };
		95CA8F4E1D88013C001D6CEC /* BFTapPointSubView.m */ = {isa = PBXFileReference; fileEncoding = 4; lastKnownFileType = sourcecode.c.objc; path = BFTapPointSubView.m; sourceTree = "<group>"; };
/* End PBXFileReference section */

/* Begin PBXFrameworksBuildPhase section */
		95CA8F291D865F5D001D6CEC /* Frameworks */ = {
			isa = PBXFrameworksBuildPhase;
			buildActionMask = 2147483647;
			files = (
			);
			runOnlyForDeploymentPostprocessing = 0;
		};
/* End PBXFrameworksBuildPhase section */

/* Begin PBXGroup section */
		95CA8F231D865F5D001D6CEC = {
			isa = PBXGroup;
			children = (
				95CA8F491D87FE4D001D6CEC /* BFTapView */,
				95CA8F2E1D865F5D001D6CEC /* TapAnimation */,
				95CA8F2D1D865F5D001D6CEC /* Products */,
			);
			sourceTree = "<group>";
		};
		95CA8F2D1D865F5D001D6CEC /* Products */ = {
			isa = PBXGroup;
			children = (
				95CA8F2C1D865F5D001D6CEC /* TapAnimation.app */,
			);
			name = Products;
			sourceTree = "<group>";
		};
		95CA8F2E1D865F5D001D6CEC /* TapAnimation */ = {
			isa = PBXGroup;
			children = (
				95CA8F321D865F5D001D6CEC /* AppDelegate.h */,
				95CA8F331D865F5D001D6CEC /* AppDelegate.m */,
				95CA8F351D865F5D001D6CEC /* ViewController.h */,
				95CA8F361D865F5D001D6CEC /* ViewController.m */,
				95CA8F381D865F5D001D6CEC /* Main.storyboard */,
				95CA8F3B1D865F5D001D6CEC /* Assets.xcassets */,
				95CA8F3D1D865F5D001D6CEC /* LaunchScreen.storyboard */,
				95CA8F401D865F5D001D6CEC /* Info.plist */,
				95CA8F2F1D865F5D001D6CEC /* Supporting Files */,
			);
			path = TapAnimation;
			sourceTree = "<group>";
		};
		95CA8F2F1D865F5D001D6CEC /* Supporting Files */ = {
			isa = PBXGroup;
			children = (
				95CA8F301D865F5D001D6CEC /* main.m */,
			);
			name = "Supporting Files";
			sourceTree = "<group>";
		};
		95CA8F491D87FE4D001D6CEC /* BFTapView */ = {
			isa = PBXGroup;
			children = (
				95CA8F4A1D87FEAC001D6CEC /* BFTapView.h */,
				95CA8F4B1D87FEAC001D6CEC /* BFTapView.m */,
				95CA8F4D1D88013C001D6CEC /* BFTapPointSubView.h */,
				95CA8F4E1D88013C001D6CEC /* BFTapPointSubView.m */,
			);
			name = BFTapView;
			path = TapAnimation;
			sourceTree = "<group>";
		};
/* End PBXGroup section */

/* Begin PBXNativeTarget section */
		95CA8F2B1D865F5D001D6CEC /* TapAnimation */ = {
			isa = PBXNativeTarget;
			buildConfigurationList = 95CA8F431D865F5D001D6CEC /* Build configuration list for PBXNativeTarget "TapAnimation" */;
			buildPhases = (
				95CA8F281D865F5D001D6CEC /* Sources */,
				95CA8F291D865F5D001D6CEC /* Frameworks */,
				95CA8F2A1D865F5D001D6CEC /* Resources */,
			);
			buildRules = (
			);
			dependencies = (
			);
			name = TapAnimation;
			productName = TapAnimation;
			productReference = 95CA8F2C1D865F5D001D6CEC /* TapAnimation.app */;
			productType = "com.apple.product-type.application";
		};
/* End PBXNativeTarget section */

/* Begin PBXProject section */
		95CA8F241D865F5D001D6CEC /* Project object */ = {
			isa = PBXProject;
			attributes = {
				LastUpgradeCheck = 0730;
				ORGANIZATIONNAME = Dennis;
				TargetAttributes = {
					95CA8F2B1D865F5D001D6CEC = {
						CreatedOnToolsVersion = 7.3.1;
					};
				};
			};
			buildConfigurationList = 95CA8F271D865F5D001D6CEC /* Build configuration list for PBXProject "TapAnimation" */;
			compatibilityVersion = "Xcode 3.2";
			developmentRegion = English;
			hasScannedForEncodings = 0;
			knownRegions = (
				en,
				Base,
			);
			mainGroup = 95CA8F231D865F5D001D6CEC;
			productRefGroup = 95CA8F2D1D865F5D001D6CEC /* Products */;
			projectDirPath = "";
			projectRoot = "";
			targets = (
				95CA8F2B1D865F5D001D6CEC /* TapAnimation */,
			);
		};
/* End PBXProject section */

/* Begin PBXResourcesBuildPhase section */
		95CA8F2A1D865F5D001D6CEC /* Resources */ = {
			isa = PBXResourcesBuildPhase;
			buildActionMask = 2147483647;
			files = (
				95CA8F3F1D865F5D001D6CEC /* LaunchScreen.storyboard in Resources */,
				95CA8F3C1D865F5D001D6CEC /* Assets.xcassets in Resources */,
				95CA8F3A1D865F5D001D6CEC /* Main.storyboard in Resources */,
			);
			runOnlyForDeploymentPostprocessing = 0;
		};
/* End PBXResourcesBuildPhase section */

/* Begin PBXSourcesBuildPhase section */
		95CA8F281D865F5D001D6CEC /* Sources */ = {
			isa = PBXSourcesBuildPhase;
			buildActionMask = 2147483647;
			files = (
				95CA8F371D865F5D001D6CEC /* ViewController.m in Sources */,
				95CA8F4C1D87FEAC001D6CEC /* BFTapView.m in Sources */,
				95CA8F341D865F5D001D6CEC /* AppDelegate.m in Sources */,
				95CA8F311D865F5D001D6CEC /* main.m in Sources */,
				95CA8F4F1D88013C001D6CEC /* BFTapPointSubView.m in Sources */,
			);
			runOnlyForDeploymentPostprocessing = 0;
		};
/* End PBXSourcesBuildPhase section */

/* Begin PBXVariantGroup section */
		95CA8F381D865F5D001D6CEC /* Main.storyboard */ = {
			isa = PBXVariantGroup;
			children = (
				95CA8F391D865F5D001D6CEC /* Base */,
			);
			name = Main.storyboard;
			sourceTree = "<group>";
		};
		95CA8F3D1D865F5D001D6CEC /* LaunchScreen.storyboard */ = {
			isa = PBXVariantGroup;
			children = (
				95CA8F3E1D865F5D001D6CEC /* Base */,
			);
			name = LaunchScreen.storyboard;
			sourceTree = "<group>";
		};
/* End PBXVariantGroup section */

/* Begin XCBuildConfiguration section */
		95CA8F411D865F5D001D6CEC /* Debug */ = {
			isa = XCBuildConfiguration;
			buildSettings = {
				ALWAYS_SEARCH_USER_PATHS = NO;
				CLANG_ANALYZER_NONNULL = YES;
				CLANG_CXX_LANGUAGE_STANDARD = "gnu++0x";
				CLANG_CXX_LIBRARY = "libc++";
				CLANG_ENABLE_MODULES = YES;
				CLANG_ENABLE_OBJC_ARC = YES;
				CLANG_WARN_BOOL_CONVERSION = YES;
				CLANG_WARN_CONSTANT_CONVERSION = YES;
				CLANG_WARN_DIRECT_OBJC_ISA_USAGE = YES_ERROR;
				CLANG_WARN_EMPTY_BODY = YES;
				CLANG_WARN_ENUM_CONVERSION = YES;
				CLANG_WARN_INT_CONVERSION = YES;
				CLANG_WARN_OBJC_ROOT_CLASS = YES_ERROR;
				CLANG_WARN_UNREACHABLE_CODE = YES;
				CLANG_WARN__DUPLICATE_METHOD_MATCH = YES;
				"CODE_SIGN_IDENTITY[sdk=iphoneos*]" = "iPhone Developer";
				COPY_PHASE_STRIP = NO;
				DEBUG_INFORMATION_FORMAT = dwarf;
				ENABLE_STRICT_OBJC_MSGSEND = YES;
				ENABLE_TESTABILITY = YES;
				GCC_C_LANGUAGE_STANDARD = gnu99;
				GCC_DYNAMIC_NO_PIC = NO;
				GCC_NO_COMMON_BLOCKS = YES;
				GCC_OPTIMIZATION_LEVEL = 0;
				GCC_PREPROCESSOR_DEFINITIONS = (
					"DEBUG=1",
					"$(inherited)",
				);
				GCC_WARN_64_TO_32_BIT_CONVERSION = YES;
				GCC_WARN_ABOUT_RETURN_TYPE = YES_ERROR;
				GCC_WARN_UNDECLARED_SELECTOR = YES;
				GCC_WARN_UNINITIALIZED_AUTOS = YES_AGGRESSIVE;
				GCC_WARN_UNUSED_FUNCTION = YES;
				GCC_WARN_UNUSED_VARIABLE = YES;
				IPHONEOS_DEPLOYMENT_TARGET = 9.3;
				MTL_ENABLE_DEBUG_INFO = YES;
				ONLY_ACTIVE_ARCH = YES;
				SDKROOT = iphoneos;
			};
			name = Debug;
		};
		95CA8F421D865F5D001D6CEC /* Release */ = {
			isa = XCBuildConfiguration;
			buildSettings = {
				ALWAYS_SEARCH_USER_PATHS = NO;
				CLANG_ANALYZER_NONNULL = YES;
				CLANG_CXX_LANGUAGE_STANDARD = "gnu++0x";
				CLANG_CXX_LIBRARY = "libc++";
				CLANG_ENABLE_MODULES = YES;
				CLANG_ENABLE_OBJC_ARC = YES;
				CLANG_WARN_BOOL_CONVERSION = YES;
				CLANG_WARN_CONSTANT_CONVERSION = YES;
				CLANG_WARN_DIRECT_OBJC_ISA_USAGE = YES_ERROR;
				CLANG_WARN_EMPTY_BODY = YES;
				CLANG_WARN_ENUM_CONVERSION = YES;
				CLANG_WARN_INT_CONVERSION = YES;
				CLANG_WARN_OBJC_ROOT_CLASS = YES_ERROR;
				CLANG_WARN_UNREACHABLE_CODE = YES;
				CLANG_WARN__DUPLICATE_METHOD_MATCH = YES;
				"CODE_SIGN_IDENTITY[sdk=iphoneos*]" = "iPhone Developer";
				COPY_PHASE_STRIP = NO;
				DEBUG_INFORMATION_FORMAT = "dwarf-with-dsym";
				ENABLE_NS_ASSERTIONS = NO;
				ENABLE_STRICT_OBJC_MSGSEND = YES;
				GCC_C_LANGUAGE_STANDARD = gnu99;
				GCC_NO_COMMON_BLOCKS = YES;
				GCC_WARN_64_TO_32_BIT_CONVERSION = YES;
				GCC_WARN_ABOUT_RETURN_TYPE = YES_ERROR;
				GCC_WARN_UNDECLARED_SELECTOR = YES;
				GCC_WARN_UNINITIALIZED_AUTOS = YES_AGGRESSIVE;
				GCC_WARN_UNUSED_FUNCTION = YES;
				GCC_WARN_UNUSED_VARIABLE = YES;
				IPHONEOS_DEPLOYMENT_TARGET = 9.3;
				MTL_ENABLE_DEBUG_INFO = NO;
				SDKROOT = iphoneos;
				VALIDATE_PRODUCT = YES;
			};
			name = Release;
		};
		95CA8F441D865F5D001D6CEC /* Debug */ = {
			isa = XCBuildConfiguration;
			buildSettings = {
				ASSETCATALOG_COMPILER_APPICON_NAME = AppIcon;
				INFOPLIST_FILE = TapAnimation/Info.plist;
				LD_RUNPATH_SEARCH_PATHS = "$(inherited) @executable_path/Frameworks";
				PRODUCT_BUNDLE_IDENTIFIER = com.bnt.dev.TapAnimation;
				PRODUCT_NAME = "$(TARGET_NAME)";
			};
			name = Debug;
		};
		95CA8F451D865F5D001D6CEC /* Release */ = {
			isa = XCBuildConfiguration;
			buildSettings = {
				ASSETCATALOG_COMPILER_APPICON_NAME = AppIcon;
				INFOPLIST_FILE = TapAnimation/Info.plist;
				LD_RUNPATH_SEARCH_PATHS = "$(inherited) @executable_path/Frameworks";
				PRODUCT_BUNDLE_IDENTIFIER = com.bnt.dev.TapAnimation;
				PRODUCT_NAME = "$(TARGET_NAME)";
			};
			name = Release;
		};
/* End XCBuildConfiguration section */

/* Begin XCConfigurationList section */
		95CA8F271D865F5D001D6CEC /* Build configuration list for PBXProject "TapAnimation" */ = {
			isa = XCConfigurationList;
			buildConfigurations = (
				95CA8F411D865F5D001D6CEC /* Debug */,
				95CA8F421D865F5D001D6CEC /* Release */,
			);
			defaultConfigurationIsVisible = 0;
			defaultConfigurationName = Release;
		};
		95CA8F431D865F5D001D6CEC /* Build configuration list for PBXNativeTarget "TapAnimation" */ = {
			isa = XCConfigurationList;
			buildConfigurations = (
				95CA8F441D865F5D001D6CEC /* Debug */,
				95CA8F451D865F5D001D6CEC /* Release */,
			);
			defaultConfigurationIsVisible = 0;
			defaultConfigurationName = Release;
		};
/* End XCConfigurationList section */
	};
	rootObject = 95CA8F241D865F5D001D6CEC /* Project object */;
}
